
Microsoft Visual Studio Solution File, Format Version 12.00
# Visual Studio Version 17
VisualStudioVersion = 17.3.32811.315
MinimumVisualStudioVersion = 10.0.40219.1
Project("{FAE04EC0-301F-11D3-BF4B-00C04F79EFBC}") = "DistributedLock", "DistributedLock\DistributedLock.csproj", "{48F04DF4-E3E8-46D2-8117-EB568CDDA656}"
EndProject
Global
	GlobalSection(SolutionConfigurationPlatforms) = preSolution
		Debug|Any CPU = Debug|Any CPU
		Release|Any CPU = Release|Any CPU
	EndGlobalSection
	GlobalSection(ProjectConfigurationPlatforms) = postSolution
		{48F04DF4-E3E8-46D2-8117-EB568CDDA656}.Debug|Any CPU.ActiveCfg = Debug|Any CPU
		{48F04DF4-E3E8-46D2-8117-EB568CDDA656}.Debug|Any CPU.Build.0 = Debug|Any CPU
		{48F04DF4-E3E8-46D2-8117-EB568CDDA656}.Release|Any CPU.ActiveCfg = Release|Any CPU
		{48F04DF4-E3E8-46D2-8117-EB568CDDA656}.Release|Any CPU.Build.0 = Release|Any CPU
	EndGlobalSection
	GlobalSection(SolutionProperties) = preSolution
		HideSolutionNode = FALSE
	EndGlobalSection
	GlobalSection(ExtensibilityGlobals) = postSolution
		SolutionGuid = {70FF78EB-C180-4553-B622-4DD0AB87C260}
	EndGlobalSection
EndGlobal
